
Microsoft Visual Studio Solution File, Format Version 12.00
# Visual Studio Version 17
VisualStudioVersion = 17.0.31903.59
MinimumVisualStudioVersion = 10.0.40219.1
Project("{FAE04EC0-301F-11D3-BF4B-00C04F79EFBC}") = "Api", "Api\Api.csproj", "{B4748BC5-1BA7-4EC4-8810-2D139EB22002}"
EndProject
Project("{FAE04EC0-301F-11D3-BF4B-00C04F79EFBC}") = "Application", "Application\Application.csproj", "{FC5BAE20-D07E-4059-8592-A614366F3C0C}"
EndProject
Project("{FAE04EC0-301F-11D3-BF4B-00C04F79EFBC}") = "Domain", "Domain\Domain.csproj", "{EF63035E-9CD7-4E62-8CB4-1A73B8F49D3C}"
EndProject
Project("{FAE04EC0-301F-11D3-BF4B-00C04F79EFBC}") = "Infrastructure", "Infrastructure\Infrastructure.csproj", "{17D76371-4E07-4874-B0AE-23FAC8DAFCFA}"
EndProject
Project("{FAE04EC0-301F-11D3-BF4B-00C04F79EFBC}") = "Tests", "Tests\Tests.csproj", "{63C0CEBA-CABB-4EAF-9159-C409201C7815}"
EndProject
Global
	GlobalSection(SolutionConfigurationPlatforms) = preSolution
		Debug|Any CPU = Debug|Any CPU
		Debug|x64 = Debug|x64
		Debug|x86 = Debug|x86
		Release|Any CPU = Release|Any CPU
		Release|x64 = Release|x64
		Release|x86 = Release|x86
	EndGlobalSection
	GlobalSection(ProjectConfigurationPlatforms) = postSolution
		{B4748BC5-1BA7-4EC4-8810-2D139EB22002}.Debug|Any CPU.ActiveCfg = Debug|Any CPU
		{B4748BC5-1BA7-4EC4-8810-2D139EB22002}.Debug|Any CPU.Build.0 = Debug|Any CPU
		{B4748BC5-1BA7-4EC4-8810-2D139EB22002}.Debug|x64.ActiveCfg = Debug|Any CPU
		{B4748BC5-1BA7-4EC4-8810-2D139EB22002}.Debug|x64.Build.0 = Debug|Any CPU
		{B4748BC5-1BA7-4EC4-8810-2D139EB22002}.Debug|x86.ActiveCfg = Debug|Any CPU
		{B4748BC5-1BA7-4EC4-8810-2D139EB22002}.Debug|x86.Build.0 = Debug|Any CPU
		{B4748BC5-1BA7-4EC4-8810-2D139EB22002}.Release|Any CPU.ActiveCfg = Release|Any CPU
		{B4748BC5-1BA7-4EC4-8810-2D139EB22002}.Release|Any CPU.Build.0 = Release|Any CPU
		{B4748BC5-1BA7-4EC4-8810-2D139EB22002}.Release|x64.ActiveCfg = Release|Any CPU
		{B4748BC5-1BA7-4EC4-8810-2D139EB22002}.Release|x64.Build.0 = Release|Any CPU
		{B4748BC5-1BA7-4EC4-8810-2D139EB22002}.Release|x86.ActiveCfg = Release|Any CPU
		{B4748BC5-1BA7-4EC4-8810-2D139EB22002}.Release|x86.Build.0 = Release|Any CPU
		{FC5BAE20-D07E-4059-8592-A614366F3C0C}.Debug|Any CPU.ActiveCfg = Debug|Any CPU
		{FC5BAE20-D07E-4059-8592-A614366F3C0C}.Debug|Any CPU.Build.0 = Debug|Any CPU
		{FC5BAE20-D07E-4059-8592-A614366F3C0C}.Debug|x64.ActiveCfg = Debug|Any CPU
		{FC5BAE20-D07E-4059-8592-A614366F3C0C}.Debug|x64.Build.0 = Debug|Any CPU
		{FC5BAE20-D07E-4059-8592-A614366F3C0C}.Debug|x86.ActiveCfg = Debug|Any CPU
		{FC5BAE20-D07E-4059-8592-A614366F3C0C}.Debug|x86.Build.0 = Debug|Any CPU
		{FC5BAE20-D07E-4059-8592-A614366F3C0C}.Release|Any CPU.ActiveCfg = Release|Any CPU
		{FC5BAE20-D07E-4059-8592-A614366F3C0C}.Release|Any CPU.Build.0 = Release|Any CPU
		{FC5BAE20-D07E-4059-8592-A614366F3C0C}.Release|x64.ActiveCfg = Release|Any CPU
		{FC5BAE20-D07E-4059-8592-A614366F3C0C}.Release|x64.Build.0 = Release|Any CPU
		{FC5BAE20-D07E-4059-8592-A614366F3C0C}.Release|x86.ActiveCfg = Release|Any CPU
		{FC5BAE20-D07E-4059-8592-A614366F3C0C}.Release|x86.Build.0 = Release|Any CPU
		{EF63035E-9CD7-4E62-8CB4-1A73B8F49D3C}.Debug|Any CPU.ActiveCfg = Debug|Any CPU
		{EF63035E-9CD7-4E62-8CB4-1A73B8F49D3C}.Debug|Any CPU.Build.0 = Debug|Any CPU
		{EF63035E-9CD7-4E62-8CB4-1A73B8F49D3C}.Debug|x64.ActiveCfg = Debug|Any CPU
		{EF63035E-9CD7-4E62-8CB4-1A73B8F49D3C}.Debug|x64.Build.0 = Debug|Any CPU
		{EF63035E-9CD7-4E62-8CB4-1A73B8F49D3C}.Debug|x86.ActiveCfg = Debug|Any CPU
		{EF63035E-9CD7-4E62-8CB4-1A73B8F49D3C}.Debug|x86.Build.0 = Debug|Any CPU
		{EF63035E-9CD7-4E62-8CB4-1A73B8F49D3C}.Release|Any CPU.ActiveCfg = Release|Any CPU
		{EF63035E-9CD7-4E62-8CB4-1A73B8F49D3C}.Release|Any CPU.Build.0 = Release|Any CPU
		{EF63035E-9CD7-4E62-8CB4-1A73B8F49D3C}.Release|x64.ActiveCfg = Release|Any CPU
		{EF63035E-9CD7-4E62-8CB4-1A73B8F49D3C}.Release|x64.Build.0 = Release|Any CPU
		{EF63035E-9CD7-4E62-8CB4-1A73B8F49D3C}.Release|x86.ActiveCfg = Release|Any CPU
		{EF63035E-9CD7-4E62-8CB4-1A73B8F49D3C}.Release|x86.Build.0 = Release|Any CPU
		{17D76371-4E07-4874-B0AE-23FAC8DAFCFA}.Debug|Any CPU.ActiveCfg = Debug|Any CPU
		{17D76371-4E07-4874-B0AE-23FAC8DAFCFA}.Debug|Any CPU.Build.0 = Debug|Any CPU
		{17D76371-4E07-4874-B0AE-23FAC8DAFCFA}.Debug|x64.ActiveCfg = Debug|Any CPU
		{17D76371-4E07-4874-B0AE-23FAC8DAFCFA}.Debug|x64.Build.0 = Debug|Any CPU
		{17D76371-4E07-4874-B0AE-23FAC8DAFCFA}.Debug|x86.ActiveCfg = Debug|Any CPU
		{17D76371-4E07-4874-B0AE-23FAC8DAFCFA}.Debug|x86.Build.0 = Debug|Any CPU
		{17D76371-4E07-4874-B0AE-23FAC8DAFCFA}.Release|Any CPU.ActiveCfg = Release|Any CPU
		{17D76371-4E07-4874-B0AE-23FAC8DAFCFA}.Release|Any CPU.Build.0 = Release|Any CPU
		{17D76371-4E07-4874-B0AE-23FAC8DAFCFA}.Release|x64.ActiveCfg = Release|Any CPU
		{17D76371-4E07-4874-B0AE-23FAC8DAFCFA}.Release|x64.Build.0 = Release|Any CPU
		{17D76371-4E07-4874-B0AE-23FAC8DAFCFA}.Release|x86.ActiveCfg = Release|Any CPU
		{17D76371-4E07-4874-B0AE-23FAC8DAFCFA}.Release|x86.Build.0 = Release|Any CPU
		{63C0CEBA-CABB-4EAF-9159-C409201C7815}.Debug|Any CPU.ActiveCfg = Debug|Any CPU
		{63C0CEBA-CABB-4EAF-9159-C409201C7815}.Debug|Any CPU.Build.0 = Debug|Any CPU
		{63C0CEBA-CABB-4EAF-9159-C409201C7815}.Debug|x64.ActiveCfg = Debug|Any CPU
		{63C0CEBA-CABB-4EAF-9159-C409201C7815}.Debug|x64.Build.0 = Debug|Any CPU
		{63C0CEBA-CABB-4EAF-9159-C409201C7815}.Debug|x86.ActiveCfg = Debug|Any CPU
		{63C0CEBA-CABB-4EAF-9159-C409201C7815}.Debug|x86.Build.0 = Debug|Any CPU
		{63C0CEBA-CABB-4EAF-9159-C409201C7815}.Release|Any CPU.ActiveCfg = Release|Any CPU
		{63C0CEBA-CABB-4EAF-9159-C409201C7815}.Release|Any CPU.Build.0 = Release|Any CPU
		{63C0CEBA-CABB-4EAF-9159-C409201C7815}.Release|x64.ActiveCfg = Release|Any CPU
		{63C0CEBA-CABB-4EAF-9159-C409201C7815}.Release|x64.Build.0 = Release|Any CPU
		{63C0CEBA-CABB-4EAF-9159-C409201C7815}.Release|x86.ActiveCfg = Release|Any CPU
		{63C0CEBA-CABB-4EAF-9159-C409201C7815}.Release|x86.Build.0 = Release|Any CPU
	EndGlobalSection
	GlobalSection(SolutionProperties) = preSolution
		HideSolutionNode = FALSE
	EndGlobalSection
EndGlobal
